version: 7
platforms:
- name: linux-64
  virtual-packages:
  - __unix=0=0
  - __linux=4.18
  - __glibc=2.28
  - __archspec=0=x86_64
- name: osx-64
  virtual-packages:
  - __unix=0=0
  - __osx=13.0
  - __archspec=0=x86_64
- name: osx-arm64
  virtual-packages:
  - __unix=0=0
  - __osx=13.0
  - __archspec=0=m1
- name: win-64
  virtual-packages:
  - __win=10.0
  - __archspec=0=x86_64
environments:
  default:
    channels:
    - url: https://conda.anaconda.org/conda-forge/
    packages:
      linux-64:
      - conda: https://conda.anaconda.org/conda-forge/linux-64/_openmp_mutex-4.5-20_gnu.conda
      - conda: https://conda.anaconda.org/conda-forge/linux-64/jq-1.8.2-h280c20c_1.conda
      - conda: https://conda.anaconda.org/conda-forge/linux-64/libgcc-16.2.0-ha9f2e26_7.conda
      - conda: https://conda.anaconda.org/conda-forge/linux-64/libgomp-16.2.0-he0feb66_7.conda
      - conda: https://conda.anaconda.org/conda-forge/linux-64/libstdcxx-16.2.0-h934c35e_7.conda
      - conda: https://conda.anaconda.org/conda-forge/linux-64/oniguruma-6.9.10-hebe6cf0_1.conda
      - conda: https://conda.anaconda.org/conda-forge/linux-64/openssl-3.6.5-h781a0a9_0.conda
      - conda: https://conda.anaconda.org/conda-forge/linux-64/patchelf-0.19.2-hee9eb32_0.conda
      - conda: https://conda.anaconda.org/conda-forge/linux-64/rattler-build-0.76.1-hf01adef_0.conda
      - conda: https://conda.anaconda.org/conda-forge/noarch/ca-certificates-2026.7.22-hbd8a1cb_0.conda
      osx-64:
      - conda: https://conda.anaconda.org/conda-forge/osx-64/jq-1.8.2-ha3d0635_1.conda
      - conda: https://conda.anaconda.org/conda-forge/osx-64/libcxx-23.1.3-h19cb2f5_0.conda
      - conda: https://conda.anaconda.org/conda-forge/osx-64/oniguruma-6.9.10-had63097_1.conda
      - conda: https://conda.anaconda.org/conda-forge/osx-64/rattler-build-0.76.1-h1311731_0.conda
      osx-arm64:
      - conda: https://conda.anaconda.org/conda-forge/osx-arm64/jq-1.8.2-h1a92334_1.conda
      - conda: https://conda.anaconda.org/conda-forge/osx-arm64/libcxx-23.1.3-h55c6f16_0.conda
      - conda: https://conda.anaconda.org/conda-forge/osx-arm64/oniguruma-6.9.10-h74c22ad_1.conda
      - conda: https://conda.anaconda.org/conda-forge/osx-arm64/rattler-build-0.76.1-h74d5219_0.conda
      win-64:
      - conda: https://conda.anaconda.org/conda-forge/win-64/rattler-build-0.76.1-he94b42d_0.conda
      - conda: https://conda.anaconda.org/conda-forge/win-64/ucrt-10.0.26100.0-h57928b3_0.conda
      - conda: https://conda.anaconda.org/conda-forge/win-64/vc-14.5-ha367084_41.conda
      - conda: https://conda.anaconda.org/conda-forge/win-64/vc14_runtime-14.51.36247-habf1de7_41.conda
      - conda: https://conda.anaconda.org/conda-forge/win-64/vcomp14-14.51.36247-habf1de7_41.conda
packages:
- conda: https://conda.anaconda.org/conda-forge/linux-64/_openmp_mutex-4.5-20_gnu.conda
  build_number: 20
  sha256: 1dd3fffd892081df9726d7eb7e0dea6198962ba775bd88842135a4ddb4deb3c9
  md5: a9f577daf3de00bca7c3c76c0ecbd1de
  depends:
  - __glibc >=2.17,<3.0.a0
  - libgomp >=7.5.0
  constrains:
  - openmp_impl <0.0a0
  license: BSD-3-Clause
  license_family: BSD
  run_exports:
    strong:
    - _openmp_mutex >=4.5
  size: 28948
  timestamp: 1770939786096
- conda: https://conda.anaconda.org/conda-forge/linux-64/jq-1.8.2-h280c20c_1.conda
  sha256: f14c52155ba14ccb41fdd6f71d74b21153c35e131185434da7334cf25b3eef46
  md5: 6ec056e539486e84f0c7acef6b5863f9
  depends:
  - oniguruma 6.9.*
  - libgcc >=14
  - __glibc >=2.17,<3.0.a0
  - oniguruma >=6.9.10,<6.10.0a0
  license: MIT
  license_family: MIT
  run_exports: {}
  size: 317374
  timestamp: 1786434969272
- conda: https://conda.anaconda.org/conda-forge/linux-64/libgcc-16.2.0-ha9f2e26_7.conda
  sha256: e031634c3a928f9594eba868bc46ef5230d6571a364a0c63215b06c4563bfcea
  md5: 735629b400b70eeab21a2ba8f5b1c2ce
  depends:
  - __glibc >=2.17,<3.0.a0
  - _openmp_mutex >=4.5
  constrains:
  - libgcc-ng ==16.2.0=*_7
  - libgomp 16.2.0 he0feb66_7
  license: GPL-3.0-only WITH GCC-exception-3.1
  license_family: GPL
  run_exports: {}
  size: 1058444
  timestamp: 1790303109576
- conda: https://conda.anaconda.org/conda-forge/linux-64/libgomp-16.2.0-he0feb66_7.conda
  sha256: 92a0bb350c7be6a4eedcb4e111c60aefd176018e6b1c009a6e025dbe9bbcd758
  md5: d904c7ddd95e026254b4b80808ee9e12
  depends:
  - __glibc >=2.17,<3.0.a0
  license: GPL-3.0-only WITH GCC-exception-3.1
  license_family: GPL
  run_exports:
    strong:
    - _openmp_mutex >=4.5
  size: 640566
  timestamp: 1790303046034
- conda: https://conda.anaconda.org/conda-forge/linux-64/libstdcxx-16.2.0-h934c35e_7.conda
  sha256: fa7018298629fc429971fffd6ecba3d27a7b02e4e890d6a93ea01ffebe8cb745
  md5: 9b6707e0caca917fa6ea9ee473f37a5d
  depends:
  - __glibc >=2.17,<3.0.a0
  - libgcc 16.2.0 ha9f2e26_7
  constrains:
  - libstdcxx-ng ==16.2.0=*_7
  license: GPL-3.0-only WITH GCC-exception-3.1
  license_family: GPL
  run_exports: {}
  size: 6615436
  timestamp: 1790303132935
- conda: https://conda.anaconda.org/conda-forge/linux-64/oniguruma-6.9.10-hebe6cf0_1.conda
  sha256: 098de630b10d3276d52b075360fa8492574ac3f60ff098a8f32cc1738274f1dd
  md5: d0d628a0259bb9cbcd73f792b0b61387
  depends:
  - __glibc >=2.17,<3.0.a0
  - libgcc >=15
  license: BSD-2-Clause
  license_family: BSD
  run_exports:
    weak:
    - oniguruma >=6.9.10,<6.10.0a0
  size: 281251
  timestamp: 1788946162424
- conda: https://conda.anaconda.org/conda-forge/linux-64/openssl-3.6.5-h781a0a9_0.conda
  sha256: 9c1533f1cf784f0e250919c0c9762d0b0e6bc727a79290ffb7cea1ceca1d038c
  md5: 5a51a2ea653f120240b1a9bf76e0aae9
  depends:
  - __glibc >=2.17,<3.0.a0
  - ca-certificates
  - libgcc >=15
  license: Apache-2.0
  license_family: Apache
  run_exports:
    weak:
    - openssl >=3.6.5,<4.0a0
  size: 3195299
  timestamp: 1791098052301
- conda: https://conda.anaconda.org/conda-forge/linux-64/patchelf-0.19.2-hee9eb32_0.conda
  sha256: 74ba13a7cd793cae441317d1963f824b1c45f49adde34f9801b3c766986592c5
  md5: 0fd1c32796736ad1b43e1445cad9a2fb
  depends:
  - libstdcxx >=15
  - libgcc >=15
  - __glibc >=2.17,<3.0.a0
  license: GPL-3.0-or-later
  license_family: GPL
  run_exports: {}
  size: 152126
  timestamp: 1790866799280
- conda: https://conda.anaconda.org/conda-forge/linux-64/rattler-build-0.76.1-hf01adef_0.conda
  sha256: d9476ee6237db525d4f2bb49e67f4e68719644a6adb754994118192e8d3cc920
  md5: a721700e8181fb5e4c1b371987f7c0eb
  depends:
  - patchelf
  - libstdcxx >=15
  - libgcc >=15
  - __glibc >=2.17,<3.0.a0
  - openssl >=3.5.8,<4.0a0
  constrains:
  - __glibc >=2.17
  license: BSD-3-Clause
  license_family: BSD
  run_exports: {}
  size: 19561706
  timestamp: 1789389044876
- conda: https://conda.anaconda.org/conda-forge/noarch/ca-certificates-2026.7.22-hbd8a1cb_0.conda
  sha256: 0a0544cf95f64394fe4959286f5c71f5444ad58feb0602e53becb27448d24da6
  md5: 0f51e2391ade309db462a55611263e9c
  depends:
  - __unix
  license: ISC
  run_exports: {}
  size: 131780
  timestamp: 1784754889428
- conda: https://conda.anaconda.org/conda-forge/osx-64/jq-1.8.2-ha3d0635_1.conda
  sha256: 891be95d8fd8110b6f8e1673d029761a540f099e9bc62e90a35b03ee17f2629e
  md5: 99ea337e58c6216a04473c8f52815435
  depends:
  - oniguruma 6.9.*
  - __osx >=11.0
  - oniguruma >=6.9.10,<6.10.0a0
  license: MIT
  license_family: MIT
  run_exports: {}
  size: 344199
  timestamp: 1786435076751
- conda: https://conda.anaconda.org/conda-forge/osx-64/libcxx-23.1.3-h19cb2f5_0.conda
  sha256: 19ec3adf903c04aac6f31b180d283f0beb6d0393c5c1603f1d57355eb3a8fd66
  md5: 55664c771bbae09ac41bd7c940c3a7e1
  depends:
  - __osx >=11.0
  license: Apache-2.0 WITH LLVM-exception
  license_family: Apache
  run_exports: {}
  size: 573303
  timestamp: 1791337833929
- conda: https://conda.anaconda.org/conda-forge/osx-64/oniguruma-6.9.10-had63097_1.conda
  sha256: a24c22864b0bf1fb04031137f743bd9c68c72efbba306bf7a8ccc63d7ce47aed
  md5: 8a9928d3d19fd611aca2efad6d21fb9d
  depends:
  - __osx >=11.0
  license: BSD-2-Clause
  license_family: BSD
  run_exports:
    weak:
    - oniguruma >=6.9.10,<6.10.0a0
  size: 266280
  timestamp: 1788946291394
- conda: https://conda.anaconda.org/conda-forge/osx-64/rattler-build-0.76.1-h1311731_0.conda
  sha256: 1e1c90835f13bc2225502e1d18bb124b73fcbf80d8c339932496a47e9acb75df
  md5: 5a5b03d4e292a0dd303f190dd9fc909b
  depends:
  - libcxx >=21
  - __osx >=11.0
  constrains:
  - __osx >=11.0
  license: BSD-3-Clause
  license_family: BSD
  run_exports: {}
  size: 19075633
  timestamp: 1789389091418
- conda: https://conda.anaconda.org/conda-forge/osx-arm64/jq-1.8.2-h1a92334_1.conda
  sha256: 2d345464da308424f15322fb848b0f845291fdf2383f709866e94825d722f550
  md5: be1ad8bb4f91519d2a3eb2bcb6d9bc0b
  depends:
  - oniguruma 6.9.*
  - __osx >=11.0
  - oniguruma >=6.9.10,<6.10.0a0
  license: MIT
  license_family: MIT
  run_exports: {}
  size: 350634
  timestamp: 1786434970720
- conda: https://conda.anaconda.org/conda-forge/osx-arm64/libcxx-23.1.3-h55c6f16_0.conda
  sha256: 2d9d31172d7919bd276a8d1be338de567dd5afdd181e8d3d3d8c2d8695e09de2
  md5: 424521e52e65ef7f6cf957c4966e6386
  depends:
  - __osx >=11.0
  license: Apache-2.0 WITH LLVM-exception
  license_family: Apache
  run_exports: {}
  size: 577501
  timestamp: 1791337239735
- conda: https://conda.anaconda.org/conda-forge/osx-arm64/oniguruma-6.9.10-h74c22ad_1.conda
  sha256: d27ba8980696e12c7b2893ca99a22ab40c8417dc5f0bcde66234938b20ba3a24
  md5: c5b6aa57046805d1754719269f08714e
  depends:
  - __osx >=11.0
  license: BSD-2-Clause
  license_family: BSD
  run_exports:
    weak:
    - oniguruma >=6.9.10,<6.10.0a0
  size: 258828
  timestamp: 1788946167727
- conda: https://conda.anaconda.org/conda-forge/osx-arm64/rattler-build-0.76.1-h74d5219_0.conda
  sha256: 7da95b859c8f04edcd64077719f0fbe891244cd688e1e4176e205d318d09535c
  md5: db2e01dca41265c66b5a3c2d65849172
  depends:
  - libcxx >=21
  - __osx >=11.0
  constrains:
  - __osx >=11.0
  license: BSD-3-Clause
  license_family: BSD
  run_exports: {}
  size: 17540271
  timestamp: 1789389037150
- conda: https://conda.anaconda.org/conda-forge/win-64/rattler-build-0.76.1-he94b42d_0.conda
  sha256: 8825b67ae50f887334350f0c81a0818b4cf551e1aca00a947d1fd74105732ff6
  md5: 2b0a2e175aa4e3239c3c91c86f32d70c
  depends:
  - vc >=14.3,<15
  - vc14_runtime >=14.44.35208
  - ucrt >=10.0.20348.0
  license: BSD-3-Clause
  license_family: BSD
  run_exports: {}
  size: 20119294
  timestamp: 1789389029287
- conda: https://conda.anaconda.org/conda-forge/win-64/ucrt-10.0.26100.0-h57928b3_0.conda
  sha256: 3005729dce6f3d3f5ec91dfc49fc75a0095f9cd23bab49efb899657297ac91a5
  md5: 71b24316859acd00bdb8b38f5e2ce328
  constrains:
  - vc14_runtime >=14.29.30037
  - vs2015_runtime >=14.29.30037
  license: LicenseRef-MicrosoftWindowsSDK10
  run_exports: {}
  size: 694692
  timestamp: 1756385147981
- conda: https://conda.anaconda.org/conda-forge/win-64/vc-14.5-ha367084_41.conda
  sha256: 35444c55a92e2f7f7ba26bc70f81e56e52344f7d064c0fd4b40a46a58517b79c
  md5: aa805b5522c2a98fa286e551a1f48546
  depends:
  - vc14_runtime >=14.51.36247
  track_features:
  - vc14
  license: BSD-3-Clause
  license_family: BSD
  run_exports: {}
  size: 21383
  timestamp: 1785359368566
- conda: https://conda.anaconda.org/conda-forge/win-64/vc14_runtime-14.51.36247-habf1de7_41.conda
  sha256: 4e4cb599cdc41bf2109d1464c127b5bcbddf548ce3e322e612afb691338b48f8
  md5: ac5333bb3d429361f23adf704cc49a78
  depends:
  - ucrt >=10.0.20348.0
  - vcomp14 14.51.36247 habf1de7_41
  constrains:
  - vs2015_runtime 14.51.36247.* *_41
  license: LicenseRef-MicrosoftVisualCpp2015-2022Runtime
  license_family: Proprietary
  run_exports: {}
  size: 767955
  timestamp: 1785359364369
- conda: https://conda.anaconda.org/conda-forge/win-64/vcomp14-14.51.36247-habf1de7_41.conda
  sha256: 731e043390c9457299484d39e427221fc868a9249540a498a5a4f6456c7744d1
  md5: 350bb67a5c8e5f1c53347ac544ab6600
  depends:
  - ucrt >=10.0.20348.0
  constrains:
  - vs2015_runtime 14.51.36247.* *_41
  license: LicenseRef-MicrosoftVisualCpp2015-2022Runtime
  license_family: Proprietary
  run_exports:
    strong:
    - vcomp14 >=14.51.36247
  size: 155910
  timestamp: 1785359349999
